
Microsoft Visual Studio Solution File, Format Version 12.00
# Visual Studio Version 17
VisualStudioVersion = 17.8.34309.116
MinimumVisualStudioVersion = 10.0.40219.1
Project("{FAE04EC0-301F-11D3-BF4B-00C04F79EFBC}") = "DatenTresorNET", "DatenTresorNET\DatenTresorNET.csproj", "{C1A79690-EE07-41DF-8B29-FBD447385309}"
EndProject
Global
	GlobalSection(SolutionConfigurationPlatforms) = preSolution
		Debug|Any CPU = Debug|Any CPU
		Release|Any CPU = Release|Any CPU
	EndGlobalSection
	GlobalSection(ProjectConfigurationPlatforms) = postSolution
		{C1A79690-EE07-41DF-8B29-FBD447385309}.Debug|Any CPU.ActiveCfg = Debug|Any CPU
		{C1A79690-EE07-41DF-8B29-FBD447385309}.Debug|Any CPU.Build.0 = Debug|Any CPU
		{C1A79690-EE07-41DF-8B29-FBD447385309}.Release|Any CPU.ActiveCfg = Release|Any CPU
		{C1A79690-EE07-41DF-8B29-FBD447385309}.Release|Any CPU.Build.0 = Release|Any CPU
	EndGlobalSection
	GlobalSection(SolutionProperties) = preSolution
		HideSolutionNode = FALSE
	EndGlobalSection
	GlobalSection(ExtensibilityGlobals) = postSolution
		SolutionGuid = {09F0FD54-61F8-47EA-AA0A-B18EF4A792F3}
	EndGlobalSection
EndGlobal
